Microsoft Visual Studio Solution File, Format Version 12.00
# Visual Studio Version 17
VisualStudioVersion = 17.5.2.0
MinimumVisualStudioVersion = 10.0.40219.1
Project("{FAE04EC0-301F-11D3-BF4B-00C04F79EFBC}") = "ConstrutorConta", "ConstrutorConta.csproj", "{B4428374-9995-6F7B-B163-DFC194712019}"
EndProject
Global
	GlobalSection(SolutionConfigurationPlatforms) = preSolution
		Debug|Any CPU = Debug|Any CPU
		Release|Any CPU = Release|Any CPU
	EndGlobalSection
	GlobalSection(ProjectConfigurationPlatforms) = postSolution
		{B4428374-9995-6F7B-B163-DFC194712019}.Debug|Any CPU.ActiveCfg = Debug|Any CPU
		{B4428374-9995-6F7B-B163-DFC194712019}.Debug|Any CPU.Build.0 = Debug|Any CPU
		{B4428374-9995-6F7B-B163-DFC194712019}.Release|Any CPU.ActiveCfg = Release|Any CPU
		{B4428374-9995-6F7B-B163-DFC194712019}.Release|Any CPU.Build.0 = Release|Any CPU
	EndGlobalSection
	GlobalSection(SolutionProperties) = preSolution
		HideSolutionNode = FALSE
	EndGlobalSection
	GlobalSection(ExtensibilityGlobals) = postSolution
		SolutionGuid = {DD288D90-596C-4896-B240-AD70B04B266C}
	EndGlobalSection
EndGlobal
